
Microsoft Visual Studio Solution File, Format Version 12.00
# Visual Studio Version 16
VisualStudioVersion = 16.0.31702.278
MinimumVisualStudioVersion = 10.0.40219.1
Project("{FAE04EC0-301F-11D3-BF4B-00C04F79EFBC}") = "HealthcareFullProject", "HealthcareFullProject\HealthcareFullProject.csproj", "{438742F9-DDE4-46FF-8A96-ED68EDD155D7}"
EndProject
Global
	GlobalSection(SolutionConfigurationPlatforms) = preSolution
		Debug|Any CPU = Debug|Any CPU
		Release|Any CPU = Release|Any CPU
	EndGlobalSection
	GlobalSection(ProjectConfigurationPlatforms) = postSolution
		{438742F9-DDE4-46FF-8A96-ED68EDD155D7}.Debug|Any CPU.ActiveCfg = Debug|Any CPU
		{438742F9-DDE4-46FF-8A96-ED68EDD155D7}.Debug|Any CPU.Build.0 = Debug|Any CPU
		{438742F9-DDE4-46FF-8A96-ED68EDD155D7}.Release|Any CPU.ActiveCfg = Release|Any CPU
		{438742F9-DDE4-46FF-8A96-ED68EDD155D7}.Release|Any CPU.Build.0 = Release|Any CPU
	EndGlobalSection
	GlobalSection(SolutionProperties) = preSolution
		HideSolutionNode = FALSE
	EndGlobalSection
	GlobalSection(ExtensibilityGlobals) = postSolution
		SolutionGuid = {AD657F7B-40B6-4890-9E2A-C3A5DFAF3664}
	EndGlobalSection
EndGlobal
